
Microsoft Visual Studio Solution File, Format Version 11.00
# Visual Studio 2010
Project("{FAE04EC0-301F-11D3-BF4B-00C04F79EFBC}") = "Clipboard Listener", "Clipboard Listener\Clipboard Listener.csproj", "{F8DA402F-25EA-4DBF-9879-D7B4E23E9BFF}"
EndProject
Global
	GlobalSection(SolutionConfigurationPlatforms) = preSolution
		Debug|x86 = Debug|x86
		Release|x86 = Release|x86
	EndGlobalSection
	GlobalSection(ProjectConfigurationPlatforms) = postSolution
		{F8DA402F-25EA-4DBF-9879-D7B4E23E9BFF}.Debug|x86.ActiveCfg = Debug|x86
		{F8DA402F-25EA-4DBF-9879-D7B4E23E9BFF}.Debug|x86.Build.0 = Debug|x86
		{F8DA402F-25EA-4DBF-9879-D7B4E23E9BFF}.Release|x86.ActiveCfg = Release|x86
		{F8DA402F-25EA-4DBF-9879-D7B4E23E9BFF}.Release|x86.Build.0 = Release|x86
	EndGlobalSection
	GlobalSection(SolutionProperties) = preSolution
		HideSolutionNode = FALSE
	EndGlobalSection
EndGlobal
